
Microsoft Visual Studio Solution File, Format Version 12.00
# Visual Studio 15
VisualStudioVersion = 15.0.28010.2026
MinimumVisualStudioVersion = 10.0.40219.1
Project("{FAE04EC0-301F-11D3-BF4B-00C04F79EFBC}") = "CookingCurator", "CookingCurator\CookingCurator.csproj", "{F72D8E24-5A47-4DD0-92A7-A0A4B7247CE1}"
EndProject
Global
	GlobalSection(SolutionConfigurationPlatforms) = preSolution
		Debug|Any CPU = Debug|Any CPU
		Release|Any CPU = Release|Any CPU
	EndGlobalSection
	GlobalSection(ProjectConfigurationPlatforms) = postSolution
		{F72D8E24-5A47-4DD0-92A7-A0A4B7247CE1}.Debug|Any CPU.ActiveCfg = Debug|Any CPU
		{F72D8E24-5A47-4DD0-92A7-A0A4B7247CE1}.Debug|Any CPU.Build.0 = Debug|Any CPU
		{F72D8E24-5A47-4DD0-92A7-A0A4B7247CE1}.Release|Any CPU.ActiveCfg = Release|Any CPU
		{F72D8E24-5A47-4DD0-92A7-A0A4B7247CE1}.Release|Any CPU.Build.0 = Release|Any CPU
	EndGlobalSection
	GlobalSection(SolutionProperties) = preSolution
		HideSolutionNode = FALSE
	EndGlobalSection
	GlobalSection(ExtensibilityGlobals) = postSolution
		SolutionGuid = {B595BF17-B22C-436B-9DB2-364D1205A877}
	EndGlobalSection
EndGlobal
